// !$*UTF8*$!
{
	archiveVersion = 1;
	classes = {
	};
	objectVersion = 55;
	objects = {

/* Begin PBXBuildFile section */
		8011ED2329D16E1C003ADEED /* SnapKit in Frameworks */ = {isa = PBXBuildFile; productRef = 8011ED2229D16E1C003ADEED /* SnapKit */; };
		8011ED2629D16E41003ADEED /* Alamofire in Frameworks */ = {isa = PBXBuildFile; productRef = 8011ED2529D16E41003ADEED /* Alamofire */; };
		8011ED2929D16F9D003ADEED /* RswiftLibrary in Frameworks */ = {isa = PBXBuildFile; productRef = 8011ED2829D16F9D003ADEED /* RswiftLibrary */; };
		8035854A29926BCD00E10C2C /* ProgressIndicator.swift in Sources */ = {isa = PBXBuildFile; fileRef = 8035854929926BCD00E10C2C /* ProgressIndicator.swift */; };
		8046C4092990B81B0041DC28 /* UIStoryboard+Extension.swift in Sources */ = {isa = PBXBuildFile; fileRef = 8046C4082990B81B0041DC28 /* UIStoryboard+Extension.swift */; };
		8046C40F2990BA1E0041DC28 /* StoryBoards.strings in Resources */ = {isa = PBXBuildFile; fileRef = 8046C40E2990BA1E0041DC28 /* StoryBoards.strings */; };
		8046C4132990CF9C0041DC28 /* Urls.strings in Resources */ = {isa = PBXBuildFile; fileRef = 8046C4122990CF9C0041DC28 /* Urls.strings */; };
		8046C41A2990D1850041DC28 /* HttpCodesService.swift in Sources */ = {isa = PBXBuildFile; fileRef = 8046C4192990D1850041DC28 /* HttpCodesService.swift */; };
		8046C41D2990D3430041DC28 /* HttpCodesDesc.swift in Sources */ = {isa = PBXBuildFile; fileRef = 8046C41C2990D3430041DC28 /* HttpCodesDesc.swift */; };
		8046C41F2990D9A70041DC28 /* Разделение текста из вики.xlsx in Resources */ = {isa = PBXBuildFile; fileRef = 8046C41E2990D9A70041DC28 /* Разделение текста из вики.xlsx */; };
		8046C42129912AC40041DC28 /* MainScreenViewModel.swift in Sources */ = {isa = PBXBuildFile; fileRef = 8046C42029912AC40041DC28 /* MainScreenViewModel.swift */; };
		8046C4232991397A0041DC28 /* Texts.strings in Resources */ = {isa = PBXBuildFile; fileRef = 8046C4222991397A0041DC28 /* Texts.strings */; };
		80B729A22987F301003E4BE0 /* NetworkService.swift in Sources */ = {isa = PBXBuildFile; fileRef = 80B729A12987F301003E4BE0 /* NetworkService.swift */; };
		80B729A52987F36C003E4BE0 /* MainScreenPresenter.swift in Sources */ = {isa = PBXBuildFile; fileRef = 80B729A42987F36C003E4BE0 /* MainScreenPresenter.swift */; };
		80B729A72987F39C003E4BE0 /* MainScreenAssembly.swift in Sources */ = {isa = PBXBuildFile; fileRef = 80B729A62987F39C003E4BE0 /* MainScreenAssembly.swift */; };
		80CBDF532987889300E1DAFF /* AppDelegate.swift in Sources */ = {isa = PBXBuildFile; fileRef = 80CBDF522987889300E1DAFF /* AppDelegate.swift */; };
		80CBDF572987889300E1DAFF /* MainScreenViewController.swift in Sources */ = {isa = PBXBuildFile; fileRef = 80CBDF562987889300E1DAFF /* MainScreenViewController.swift */; };
		80CBDF5A2987889300E1DAFF /* Main.storyboard in Resources */ = {isa = PBXBuildFile; fileRef = 80CBDF582987889300E1DAFF /* Main.storyboard */; };
		80CBDF5C2987889800E1DAFF /* Assets.xcassets in Resources */ = {isa = PBXBuildFile; fileRef = 80CBDF5B2987889800E1DAFF /* Assets.xcassets */; };
		80CBDF5F2987889800E1DAFF /* LaunchScreen.storyboard in Resources */ = {isa = PBXBuildFile; fileRef = 80CBDF5D2987889800E1DAFF /* LaunchScreen.storyboard */; };
		80FE7DD6298D12FE00C1B435 /* Locator.swift in Sources */ = {isa = PBXBuildFile; fileRef = 80FE7DD5298D12FE00C1B435 /* Locator.swift */; };
/* End PBXBuildFile section */

/* Begin PBXFileReference section */
		8035854929926BCD00E10C2C /* ProgressIndicator.swift */ = {isa = PBXFileReference; fileEncoding = 4; lastKnownFileType = sourcecode.swift; path = ProgressIndicator.swift; sourceTree = "<group>"; };
		8046C4082990B81B0041DC28 /* UIStoryboard+Extension.swift */ = {isa = PBXFileReference; lastKnownFileType = sourcecode.swift; path = "UIStoryboard+Extension.swift"; sourceTree = "<group>"; };
		8046C40E2990BA1E0041DC28 /* StoryBoards.strings */ = {isa = PBXFileReference; lastKnownFileType = text.plist.strings; path = StoryBoards.strings; sourceTree = "<group>"; };
		8046C4122990CF9C0041DC28 /* Urls.strings */ = {isa = PBXFileReference; lastKnownFileType = text.plist.strings; path = Urls.strings; sourceTree = "<group>"; };
		8046C4192990D1850041DC28 /* HttpCodesService.swift */ = {isa = PBXFileReference; lastKnownFileType = sourcecode.swift; path = HttpCodesService.swift; sourceTree = "<group>"; };
		8046C41C2990D3430041DC28 /* HttpCodesDesc.swift */ = {isa = PBXFileReference; lastKnownFileType = sourcecode.swift; path = HttpCodesDesc.swift; sourceTree = "<group>"; };
		8046C41E2990D9A70041DC28 /* Разделение текста из вики.xlsx */ = {isa = PBXFileReference; lastKnownFileType = file; path = "Разделение текста из вики.xlsx"; sourceTree = "<group>"; };
		8046C42029912AC40041DC28 /* MainScreenViewModel.swift */ = {isa = PBXFileReference; lastKnownFileType = sourcecode.swift; path = MainScreenViewModel.swift; sourceTree = "<group>"; };
		8046C4222991397A0041DC28 /* Texts.strings */ = {isa = PBXFileReference; lastKnownFileType = text.plist.strings; path = Texts.strings; sourceTree = "<group>"; };
		80A61A0629D1509100DDCF0F /* Alamofire_SPM.app */ = {isa = PBXFileReference; explicitFileType = wrapper.application; includeInIndex = 0; path = Alamofire_SPM.app; sourceTree = BUILT_PRODUCTS_DIR; };
		80B729A12987F301003E4BE0 /* NetworkService.swift */ = {isa = PBXFileReference; lastKnownFileType = sourcecode.swift; path = NetworkService.swift; sourceTree = "<group>"; };
		80B729A42987F36C003E4BE0 /* MainScreenPresenter.swift */ = {isa = PBXFileReference; lastKnownFileType = sourcecode.swift; path = MainScreenPresenter.swift; sourceTree = "<group>"; };
		80B729A62987F39C003E4BE0 /* MainScreenAssembly.swift */ = {isa = PBXFileReference; lastKnownFileType = sourcecode.swift; path = MainScreenAssembly.swift; sourceTree = "<group>"; };
		80CBDF522987889300E1DAFF /* AppDelegate.swift */ = {isa = PBXFileReference; lastKnownFileType = sourcecode.swift; path = AppDelegate.swift; sourceTree = "<group>"; };
		80CBDF562987889300E1DAFF /* MainScreenViewController.swift */ = {isa = PBXFileReference; lastKnownFileType = sourcecode.swift; path = MainScreenViewController.swift; sourceTree = "<group>"; };
		80CBDF592987889300E1DAFF /* Base */ = {isa = PBXFileReference; lastKnownFileType = file.storyboard; name = Base; path = Base.lproj/Main.storyboard; sourceTree = "<group>"; };
		80CBDF5B2987889800E1DAFF /* Assets.xcassets */ = {isa = PBXFileReference; lastKnownFileType = folder.assetcatalog; path = Assets.xcassets; sourceTree = "<group>"; };
		80CBDF5E2987889800E1DAFF /* Base */ = {isa = PBXFileReference; lastKnownFileType = file.storyboard; name = Base; path = Base.lproj/LaunchScreen.storyboard; sourceTree = "<group>"; };
		80CBDF602987889800E1DAFF /* Info.plist */ = {isa = PBXFileReference; lastKnownFileType = text.plist.xml; path = Info.plist; sourceTree = "<group>"; };
		80FE7DD5298D12FE00C1B435 /* Locator.swift */ = {isa = PBXFileReference; lastKnownFileType = sourcecode.swift; path = Locator.swift; sourceTree = "<group>"; };
/* End PBXFileReference section */

/* Begin PBXFrameworksBuildPhase section */
		80CBDF4C2987889300E1DAFF /* Frameworks */ = {
			isa = PBXFrameworksBuildPhase;
			buildActionMask = 2147483647;
			files = (
				8011ED2329D16E1C003ADEED /* SnapKit in Frameworks */,
				8011ED2629D16E41003ADEED /* Alamofire in Frameworks */,
				8011ED2929D16F9D003ADEED /* RswiftLibrary in Frameworks */,
			);
			runOnlyForDeploymentPostprocessing = 0;
		};
/* End PBXFrameworksBuildPhase section */

/* Begin PBXGroup section */
		8035854829926BA400E10C2C /* Common */ = {
			isa = PBXGroup;
			children = (
				8035854929926BCD00E10C2C /* ProgressIndicator.swift */,
			);
			path = Common;
			sourceTree = "<group>";
		};
		8046C4072990B80F0041DC28 /* Extensions */ = {
			isa = PBXGroup;
			children = (
				8046C4082990B81B0041DC28 /* UIStoryboard+Extension.swift */,
			);
			path = Extensions;
			sourceTree = "<group>";
		};
		8046C40B2990B8E10041DC28 /* Resources */ = {
			isa = PBXGroup;
			children = (
				8046C40E2990BA1E0041DC28 /* StoryBoards.strings */,
				8046C4122990CF9C0041DC28 /* Urls.strings */,
				8046C4222991397A0041DC28 /* Texts.strings */,
			);
			path = Resources;
			sourceTree = "<group>";
		};
		8046C41B2990D3060041DC28 /* Models */ = {
			isa = PBXGroup;
			children = (
				8046C41E2990D9A70041DC28 /* Разделение текста из вики.xlsx */,
				8046C4192990D1850041DC28 /* HttpCodesService.swift */,
				8046C41C2990D3430041DC28 /* HttpCodesDesc.swift */,
			);
			path = Models;
			sourceTree = "<group>";
		};
		80B7299A2987EE36003E4BE0 /* ApplicationLayer */ = {
			isa = PBXGroup;
			children = (
				80CBDF522987889300E1DAFF /* AppDelegate.swift */,
			);
			path = ApplicationLayer;
			sourceTree = "<group>";
		};
		80B7299B2987EE62003E4BE0 /* PresentationLayer */ = {
			isa = PBXGroup;
			children = (
				80CBDF582987889300E1DAFF /* Main.storyboard */,
				80CBDF5D2987889800E1DAFF /* LaunchScreen.storyboard */,
				80CBDF5B2987889800E1DAFF /* Assets.xcassets */,
				80B729A32987F350003E4BE0 /* MainScreen */,
				8046C4072990B80F0041DC28 /* Extensions */,
				8035854829926BA400E10C2C /* Common */,
				8046C40B2990B8E10041DC28 /* Resources */,
			);
			path = PresentationLayer;
			sourceTree = "<group>";
		};
		80B7299C2987EF51003E4BE0 /* NetworkService */ = {
			isa = PBXGroup;
			children = (
				80B729A12987F301003E4BE0 /* NetworkService.swift */,
			);
			path = NetworkService;
			sourceTree = "<group>";
		};
		80B729A32987F350003E4BE0 /* MainScreen */ = {
			isa = PBXGroup;
			children = (
				80B729A62987F39C003E4BE0 /* MainScreenAssembly.swift */,
				80CBDF562987889300E1DAFF /* MainScreenViewController.swift */,
				80B729A42987F36C003E4BE0 /* MainScreenPresenter.swift */,
				8046C42029912AC40041DC28 /* MainScreenViewModel.swift */,
			);
			path = MainScreen;
			sourceTree = "<group>";
		};
		80B729A82987F52C003E4BE0 /* BusinessLogicLayer */ = {
			isa = PBXGroup;
			children = (
				8046C41B2990D3060041DC28 /* Models */,
				80B7299C2987EF51003E4BE0 /* NetworkService */,
				80FE7DD5298D12FE00C1B435 /* Locator.swift */,
			);
			path = BusinessLogicLayer;
			sourceTree = "<group>";
		};
		80CBDF462987889300E1DAFF = {
			isa = PBXGroup;
			children = (
				80CBDF512987889300E1DAFF /* Alamofire_SPM */,
				80A61A0629D1509100DDCF0F /* Alamofire_SPM.app */,
			);
			sourceTree = "<group>";
		};
		80CBDF512987889300E1DAFF /* Alamofire_SPM */ = {
			isa = PBXGroup;
			children = (
				80CBDF602987889800E1DAFF /* Info.plist */,
				80B729A82987F52C003E4BE0 /* BusinessLogicLayer */,
				80B7299A2987EE36003E4BE0 /* ApplicationLayer */,
				80B7299B2987EE62003E4BE0 /* PresentationLayer */,
			);
			path = Alamofire_SPM;
			sourceTree = "<group>";
		};
/* End PBXGroup section */

/* Begin PBXNativeTarget section */
		80CBDF4E2987889300E1DAFF /* Alamofire_SPM */ = {
			isa = PBXNativeTarget;
			buildConfigurationList = 80CBDF632987889800E1DAFF /* Build configuration list for PBXNativeTarget "Alamofire_SPM" */;
			buildPhases = (
				80CBDF4B2987889300E1DAFF /* Sources */,
				80CBDF4C2987889300E1DAFF /* Frameworks */,
				80CBDF4D2987889300E1DAFF /* Resources */,
			);
			buildRules = (
			);
			dependencies = (
				80A61A1529D1530D00DDCF0F /* PBXTargetDependency */,
			);
			name = Alamofire_SPM;
			packageProductDependencies = (
				8011ED2229D16E1C003ADEED /* SnapKit */,
				8011ED2529D16E41003ADEED /* Alamofire */,
				8011ED2829D16F9D003ADEED /* RswiftLibrary */,
			);
			productName = Alamofire_CocoaPods;
			productReference = 80A61A0629D1509100DDCF0F /* Alamofire_SPM.app */;
			productType = "com.apple.product-type.application";
		};
/* End PBXNativeTarget section */

/* Begin PBXProject section */
		80CBDF472987889300E1DAFF /* Project object */ = {
			isa = PBXProject;
			attributes = {
				BuildIndependentTargetsInParallel = 1;
				LastSwiftUpdateCheck = 1340;
				LastUpgradeCheck = 1340;
				ORGANIZATIONNAME = MaksSoft;
				TargetAttributes = {
					80CBDF4E2987889300E1DAFF = {
						CreatedOnToolsVersion = 13.4.1;
					};
				};
			};
			buildConfigurationList = 80CBDF4A2987889300E1DAFF /* Build configuration list for PBXProject "Alamofire_SPM" */;
			compatibilityVersion = "Xcode 13.0";
			developmentRegion = en;
			hasScannedForEncodings = 0;
			knownRegions = (
				en,
				Base,
			);
			mainGroup = 80CBDF462987889300E1DAFF;
			packageReferences = (
				8011ED2129D16E1C003ADEED /* XCRemoteSwiftPackageReference "SnapKit" */,
				8011ED2429D16E41003ADEED /* XCRemoteSwiftPackageReference "Alamofire" */,
				8011ED2729D16F9D003ADEED /* XCRemoteSwiftPackageReference "R.swift" */,
			);
			productRefGroup = 80CBDF462987889300E1DAFF;
			projectDirPath = "";
			projectRoot = "";
			targets = (
				80CBDF4E2987889300E1DAFF /* Alamofire_SPM */,
			);
		};
/* End PBXProject section */

/* Begin PBXResourcesBuildPhase section */
		80CBDF4D2987889300E1DAFF /* Resources */ = {
			isa = PBXResourcesBuildPhase;
			buildActionMask = 2147483647;
			files = (
				8046C4132990CF9C0041DC28 /* Urls.strings in Resources */,
				80CBDF5F2987889800E1DAFF /* LaunchScreen.storyboard in Resources */,
				80CBDF5C2987889800E1DAFF /* Assets.xcassets in Resources */,
				8046C41F2990D9A70041DC28 /* Разделение текста из вики.xlsx in Resources */,
				80CBDF5A2987889300E1DAFF /* Main.storyboard in Resources */,
				8046C40F2990BA1E0041DC28 /* StoryBoards.strings in Resources */,
				8046C4232991397A0041DC28 /* Texts.strings in Resources */,
			);
			runOnlyForDeploymentPostprocessing = 0;
		};
/* End PBXResourcesBuildPhase section */

/* Begin PBXSourcesBuildPhase section */
		80CBDF4B2987889300E1DAFF /* Sources */ = {
			isa = PBXSourcesBuildPhase;
			buildActionMask = 2147483647;
			files = (
				80B729A72987F39C003E4BE0 /* MainScreenAssembly.swift in Sources */,
				8046C42129912AC40041DC28 /* MainScreenViewModel.swift in Sources */,
				8046C41A2990D1850041DC28 /* HttpCodesService.swift in Sources */,
				8046C4092990B81B0041DC28 /* UIStoryboard+Extension.swift in Sources */,
				8035854A29926BCD00E10C2C /* ProgressIndicator.swift in Sources */,
				80FE7DD6298D12FE00C1B435 /* Locator.swift in Sources */,
				80CBDF572987889300E1DAFF /* MainScreenViewController.swift in Sources */,
				80CBDF532987889300E1DAFF /* AppDelegate.swift in Sources */,
				80B729A22987F301003E4BE0 /* NetworkService.swift in Sources */,
				80B729A52987F36C003E4BE0 /* MainScreenPresenter.swift in Sources */,
				8046C41D2990D3430041DC28 /* HttpCodesDesc.swift in Sources */,
			);
			runOnlyForDeploymentPostprocessing = 0;
		};
/* End PBXSourcesBuildPhase section */

/* Begin PBXTargetDependency section */
		80A61A1529D1530D00DDCF0F /* PBXTargetDependency */ = {
			isa = PBXTargetDependency;
			productRef = 80A61A1429D1530D00DDCF0F /* RswiftGenerateInternalResources */;
		};
/* End PBXTargetDependency section */

/* Begin PBXVariantGroup section */
		80CBDF582987889300E1DAFF /* Main.storyboard */ = {
			isa = PBXVariantGroup;
			children = (
				80CBDF592987889300E1DAFF /* Base */,
			);
			name = Main.storyboard;
			sourceTree = "<group>";
		};
		80CBDF5D2987889800E1DAFF /* LaunchScreen.storyboard */ = {
			isa = PBXVariantGroup;
			children = (
				80CBDF5E2987889800E1DAFF /* Base */,
			);
			name = LaunchScreen.storyboard;
			sourceTree = "<group>";
		};
/* End PBXVariantGroup section */

/* Begin XCBuildConfiguration section */
		80CBDF612987889800E1DAFF /* Debug */ = {
			isa = XCBuildConfiguration;
			buildSettings = {
				ALWAYS_SEARCH_USER_PATHS = NO;
				CLANG_ANALYZER_NONNULL = YES;
				CLANG_ANALYZER_NUMBER_OBJECT_CONVERSION = YES_AGGRESSIVE;
				CLANG_CXX_LANGUAGE_STANDARD = "gnu++17";
				CLANG_ENABLE_MODULES = YES;
				CLANG_ENABLE_OBJC_ARC = YES;
				CLANG_ENABLE_OBJC_WEAK = YES;
				CLANG_WARN_BLOCK_CAPTURE_AUTORELEASING = YES;
				CLANG_WARN_BOOL_CONVERSION = YES;
				CLANG_WARN_COMMA = YES;
				CLANG_WARN_CONSTANT_CONVERSION = YES;
				CLANG_WARN_DEPRECATED_OBJC_IMPLEMENTATIONS = YES;
				CLANG_WARN_DIRECT_OBJC_ISA_USAGE = YES_ERROR;
				CLANG_WARN_DOCUMENTATION_COMMENTS = YES;
				CLANG_WARN_EMPTY_BODY = YES;
				CLANG_WARN_ENUM_CONVERSION = YES;
				CLANG_WARN_INFINITE_RECURSION = YES;
				CLANG_WARN_INT_CONVERSION = YES;
				CLANG_WARN_NON_LITERAL_NULL_CONVERSION = YES;
				CLANG_WARN_OBJC_IMPLICIT_RETAIN_SELF = YES;
				CLANG_WARN_OBJC_LITERAL_CONVERSION = YES;
				CLANG_WARN_OBJC_ROOT_CLASS = YES_ERROR;
				CLANG_WARN_QUOTED_INCLUDE_IN_FRAMEWORK_HEADER = YES;
				CLANG_WARN_RANGE_LOOP_ANALYSIS = YES;
				CLANG_WARN_STRICT_PROTOTYPES = YES;
				CLANG_WARN_SUSPICIOUS_MOVE = YES;
				CLANG_WARN_UNGUARDED_AVAILABILITY = YES_AGGRESSIVE;
				CLANG_WARN_UNREACHABLE_CODE = YES;
				CLANG_WARN__DUPLICATE_METHOD_MATCH = YES;
				COPY_PHASE_STRIP = NO;
				DEBUG_INFORMATION_FORMAT = dwarf;
				ENABLE_STRICT_OBJC_MSGSEND = YES;
				ENABLE_TESTABILITY = YES;
				GCC_C_LANGUAGE_STANDARD = gnu11;
				GCC_DYNAMIC_NO_PIC = NO;
				GCC_NO_COMMON_BLOCKS = YES;
				GCC_OPTIMIZATION_LEVEL = 0;
				GCC_PREPROCESSOR_DEFINITIONS = (
					"DEBUG=1",
					"$(inherited)",
				);
				GCC_WARN_64_TO_32_BIT_CONVERSION = YES;
				GCC_WARN_ABOUT_RETURN_TYPE = YES_ERROR;
				GCC_WARN_UNDECLARED_SELECTOR = YES;
				GCC_WARN_UNINITIALIZED_AUTOS = YES_AGGRESSIVE;
				GCC_WARN_UNUSED_FUNCTION = YES;
				GCC_WARN_UNUSED_VARIABLE = YES;
				IPHONEOS_DEPLOYMENT_TARGET = 15.5;
				MTL_ENABLE_DEBUG_INFO = INCLUDE_SOURCE;
				MTL_FAST_MATH = YES;
				ONLY_ACTIVE_ARCH = YES;
				SDKROOT = iphoneos;
				SWIFT_ACTIVE_COMPILATION_CONDITIONS = DEBUG;
				SWIFT_OPTIMIZATION_LEVEL = "-Onone";
			};
			name = Debug;
		};
		80CBDF622987889800E1DAFF /* Release */ = {
			isa = XCBuildConfiguration;
			buildSettings = {
				ALWAYS_SEARCH_USER_PATHS = NO;
				CLANG_ANALYZER_NONNULL = YES;
				CLANG_ANALYZER_NUMBER_OBJECT_CONVERSION = YES_AGGRESSIVE;
				CLANG_CXX_LANGUAGE_STANDARD = "gnu++17";
				CLANG_ENABLE_MODULES = YES;
				CLANG_ENABLE_OBJC_ARC = YES;
				CLANG_ENABLE_OBJC_WEAK = YES;
				CLANG_WARN_BLOCK_CAPTURE_AUTORELEASING = YES;
				CLANG_WARN_BOOL_CONVERSION = YES;
				CLANG_WARN_COMMA = YES;
				CLANG_WARN_CONSTANT_CONVERSION = YES;
				CLANG_WARN_DEPRECATED_OBJC_IMPLEMENTATIONS = YES;
				CLANG_WARN_DIRECT_OBJC_ISA_USAGE = YES_ERROR;
				CLANG_WARN_DOCUMENTATION_COMMENTS = YES;
				CLANG_WARN_EMPTY_BODY = YES;
				CLANG_WARN_ENUM_CONVERSION = YES;
				CLANG_WARN_INFINITE_RECURSION = YES;
				CLANG_WARN_INT_CONVERSION = YES;
				CLANG_WARN_NON_LITERAL_NULL_CONVERSION = YES;
				CLANG_WARN_OBJC_IMPLICIT_RETAIN_SELF = YES;
				CLANG_WARN_OBJC_LITERAL_CONVERSION = YES;
				CLANG_WARN_OBJC_ROOT_CLASS = YES_ERROR;
				CLANG_WARN_QUOTED_INCLUDE_IN_FRAMEWORK_HEADER = YES;
				CLANG_WARN_RANGE_LOOP_ANALYSIS = YES;
				CLANG_WARN_STRICT_PROTOTYPES = YES;
				CLANG_WARN_SUSPICIOUS_MOVE = YES;
				CLANG_WARN_UNGUARDED_AVAILABILITY = YES_AGGRESSIVE;
				CLANG_WARN_UNREACHABLE_CODE = YES;
				CLANG_WARN__DUPLICATE_METHOD_MATCH = YES;
				COPY_PHASE_STRIP = NO;
				DEBUG_INFORMATION_FORMAT = "dwarf-with-dsym";
				ENABLE_NS_ASSERTIONS = NO;
				ENABLE_STRICT_OBJC_MSGSEND = YES;
				GCC_C_LANGUAGE_STANDARD = gnu11;
				GCC_NO_COMMON_BLOCKS = YES;
				GCC_WARN_64_TO_32_BIT_CONVERSION = YES;
				GCC_WARN_ABOUT_RETURN_TYPE = YES_ERROR;
				GCC_WARN_UNDECLARED_SELECTOR = YES;
				GCC_WARN_UNINITIALIZED_AUTOS = YES_AGGRESSIVE;
				GCC_WARN_UNUSED_FUNCTION = YES;
				GCC_WARN_UNUSED_VARIABLE = YES;
				IPHONEOS_DEPLOYMENT_TARGET = 15.5;
				MTL_ENABLE_DEBUG_INFO = NO;
				MTL_FAST_MATH = YES;
				SDKROOT = iphoneos;
				SWIFT_COMPILATION_MODE = wholemodule;
				SWIFT_OPTIMIZATION_LEVEL = "-O";
				VALIDATE_PRODUCT = YES;
			};
			name = Release;
		};
		80CBDF642987889800E1DAFF /* Debug */ = {
			isa = XCBuildConfiguration;
			buildSettings = {
				ASSETCATALOG_COMPILER_APPICON_NAME = AppIcon;
				ASSETCATALOG_COMPILER_GLOBAL_ACCENT_COLOR_NAME = AccentColor;
				CODE_SIGN_STYLE = Automatic;
				CURRENT_PROJECT_VERSION = 1;
				DEVELOPMENT_TEAM = 7L8D6FC4F7;
				GENERATE_INFOPLIST_FILE = YES;
				INFOPLIST_FILE = Alamofire_SPM/Info.plist;
				INFOPLIST_KEY_UIApplicationSupportsIndirectInputEvents = YES;
				INFOPLIST_KEY_UILaunchStoryboardName = "Launch Screen";
				INFOPLIST_KEY_UIMainStoryboardFile = Main;
				INFOPLIST_KEY_UIRequiredDeviceCapabilities = armv7;
				INFOPLIST_KEY_UISupportedInterfaceOrientations = UIInterfaceOrientationPortrait;
				INFOPLIST_KEY_UISupportedInterfaceOrientations_iPad = "UIInterfaceOrientationPortrait UIInterfaceOrientationPortraitUpsideDown UIInterfaceOrientationLandscapeLeft UIInterfaceOrientationLandscapeRight";
				INFOPLIST_KEY_UISupportedInterfaceOrientations_iPhone = "UIInterfaceOrientationPortrait UIInterfaceOrientationLandscapeLeft UIInterfaceOrientationLandscapeRight";
				INFOPLIST_KEY_UIUserInterfaceStyle = Light;
				IPHONEOS_DEPLOYMENT_TARGET = 13.0;
				LD_RUNPATH_SEARCH_PATHS = (
					"$(inherited)",
					"@executable_path/Frameworks",
				);
				MARKETING_VERSION = 1.0;
				PRODUCT_BUNDLE_IDENTIFIER = "ru.grebenozhko.Alamofire-SPM";
				PRODUCT_NAME = "$(TARGET_NAME)";
				SWIFT_EMIT_LOC_STRINGS = YES;
				SWIFT_VERSION = 5.0;
				TARGETED_DEVICE_FAMILY = "1,2";
			};
			name = Debug;
		};
		80CBDF652987889800E1DAFF /* Release */ = {
			isa = XCBuildConfiguration;
			buildSettings = {
				ASSETCATALOG_COMPILER_APPICON_NAME = AppIcon;
				ASSETCATALOG_COMPILER_GLOBAL_ACCENT_COLOR_NAME = AccentColor;
				CODE_SIGN_STYLE = Automatic;
				CURRENT_PROJECT_VERSION = 1;
				DEVELOPMENT_TEAM = 7L8D6FC4F7;
				GENERATE_INFOPLIST_FILE = YES;
				INFOPLIST_FILE = Alamofire_SPM/Info.plist;
				INFOPLIST_KEY_UIApplicationSupportsIndirectInputEvents = YES;
				INFOPLIST_KEY_UILaunchStoryboardName = "Launch Screen";
				INFOPLIST_KEY_UIMainStoryboardFile = Main;
				INFOPLIST_KEY_UIRequiredDeviceCapabilities = armv7;
				INFOPLIST_KEY_UISupportedInterfaceOrientations = UIInterfaceOrientationPortrait;
				INFOPLIST_KEY_UISupportedInterfaceOrientations_iPad = "UIInterfaceOrientationPortrait UIInterfaceOrientationPortraitUpsideDown UIInterfaceOrientationLandscapeLeft UIInterfaceOrientationLandscapeRight";
				INFOPLIST_KEY_UISupportedInterfaceOrientations_iPhone = "UIInterfaceOrientationPortrait UIInterfaceOrientationLandscapeLeft UIInterfaceOrientationLandscapeRight";
				INFOPLIST_KEY_UIUserInterfaceStyle = Light;
				IPHONEOS_DEPLOYMENT_TARGET = 13.0;
				LD_RUNPATH_SEARCH_PATHS = (
					"$(inherited)",
					"@executable_path/Frameworks",
				);
				MARKETING_VERSION = 1.0;
				PRODUCT_BUNDLE_IDENTIFIER = "ru.grebenozhko.Alamofire-SPM";
				PRODUCT_NAME = "$(TARGET_NAME)";
				SWIFT_EMIT_LOC_STRINGS = YES;
				SWIFT_VERSION = 5.0;
				TARGETED_DEVICE_FAMILY = "1,2";
			};
			name = Release;
		};
/* End XCBuildConfiguration section */

/* Begin XCConfigurationList section */
		80CBDF4A2987889300E1DAFF /* Build configuration list for PBXProject "Alamofire_SPM" */ = {
			isa = XCConfigurationList;
			buildConfigurations = (
				80CBDF612987889800E1DAFF /* Debug */,
				80CBDF622987889800E1DAFF /* Release */,
			);
			defaultConfigurationIsVisible = 0;
			defaultConfigurationName = Release;
		};
		80CBDF632987889800E1DAFF /* Build configuration list for PBXNativeTarget "Alamofire_SPM" */ = {
			isa = XCConfigurationList;
			buildConfigurations = (
				80CBDF642987889800E1DAFF /* Debug */,
				80CBDF652987889800E1DAFF /* Release */,
			);
			defaultConfigurationIsVisible = 0;
			defaultConfigurationName = Release;
		};
/* End XCConfigurationList section */

/* Begin XCRemoteSwiftPackageReference section */
		8011ED2129D16E1C003ADEED /* XCRemoteSwiftPackageReference "SnapKit" */ = {
			isa = XCRemoteSwiftPackageReference;
			repositoryURL = "https://github.com/SnapKit/SnapKit.git";
			requirement = {
				branch = develop;
				kind = branch;
			};
		};
		8011ED2429D16E41003ADEED /* XCRemoteSwiftPackageReference "Alamofire" */ = {
			isa = XCRemoteSwiftPackageReference;
			repositoryURL = "https://github.com/Alamofire/Alamofire.git";
			requirement = {
				branch = master;
				kind = branch;
			};
		};
		8011ED2729D16F9D003ADEED /* XCRemoteSwiftPackageReference "R.swift" */ = {
			isa = XCRemoteSwiftPackageReference;
			repositoryURL = "https://github.com/mac-cain13/R.swift.git";
			requirement = {
				branch = master;
				kind = branch;
			};
		};
/* End XCRemoteSwiftPackageReference section */

/* Begin XCSwiftPackageProductDependency section */
		8011ED2229D16E1C003ADEED /* SnapKit */ = {
			isa = XCSwiftPackageProductDependency;
			package = 8011ED2129D16E1C003ADEED /* XCRemoteSwiftPackageReference "SnapKit" */;
			productName = SnapKit;
		};
		8011ED2529D16E41003ADEED /* Alamofire */ = {
			isa = XCSwiftPackageProductDependency;
			package = 8011ED2429D16E41003ADEED /* XCRemoteSwiftPackageReference "Alamofire" */;
			productName = Alamofire;
		};
		8011ED2829D16F9D003ADEED /* RswiftLibrary */ = {
			isa = XCSwiftPackageProductDependency;
			package = 8011ED2729D16F9D003ADEED /* XCRemoteSwiftPackageReference "R.swift" */;
			productName = RswiftLibrary;
		};
		80A61A1429D1530D00DDCF0F /* RswiftGenerateInternalResources */ = {
			isa = XCSwiftPackageProductDependency;
			productName = "plugin:RswiftGenerateInternalResources";
		};
/* End XCSwiftPackageProductDependency section */
	};
	rootObject = 80CBDF472987889300E1DAFF /* Project object */;
}
